
Microsoft Visual Studio Solution File, Format Version 12.00
# Visual Studio 15
Project("{FAE04EC0-301F-11D3-BF4B-00C04F79EFBC}") = "Assembly-CSharp", "Assembly-CSharp.csproj", "{3DB4F26D-AAC6-4979-E17D-5AA4881E0545}"
EndProject
Global
	GlobalSection(SolutionConfigurationPlatforms) = preSolution
		Debug|Any CPU = Debug|Any CPU
		Release|Any CPU = Release|Any CPU
	EndGlobalSection
	GlobalSection(ProjectConfigurationPlatforms) = postSolution
		{3DB4F26D-AAC6-4979-E17D-5AA4881E0545}.Debug|Any CPU.ActiveCfg = Debug|Any CPU
		{3DB4F26D-AAC6-4979-E17D-5AA4881E0545}.Debug|Any CPU.Build.0 = Debug|Any CPU
		{3DB4F26D-AAC6-4979-E17D-5AA4881E0545}.Release|Any CPU.ActiveCfg = Release|Any CPU
		{3DB4F26D-AAC6-4979-E17D-5AA4881E0545}.Release|Any CPU.Build.0 = Release|Any CPU
	EndGlobalSection
	GlobalSection(SolutionProperties) = preSolution
		HideSolutionNode = FALSE
	EndGlobalSection
	GlobalSection(MonoDevelopProperties) = preSolution
		StartupItem = Assembly-CSharp.csproj
	EndGlobalSection
EndGlobal
