
Microsoft Visual Studio Solution File, Format Version 12.00
# Visual Studio 15
Project("{FAE04EC0-301F-11D3-BF4B-00C04F79EFBC}") = "Assembly-CSharp", "Assembly-CSharp.csproj", "{00598D94-6025-7F15-57C7-C4C9D7D27A55}"
EndProject
Global
	GlobalSection(SolutionConfigurationPlatforms) = preSolution
		Debug|Any CPU = Debug|Any CPU
		Release|Any CPU = Release|Any CPU
	EndGlobalSection
	GlobalSection(ProjectConfigurationPlatforms) = postSolution
		{00598D94-6025-7F15-57C7-C4C9D7D27A55}.Debug|Any CPU.ActiveCfg = Debug|Any CPU
		{00598D94-6025-7F15-57C7-C4C9D7D27A55}.Debug|Any CPU.Build.0 = Debug|Any CPU
		{00598D94-6025-7F15-57C7-C4C9D7D27A55}.Release|Any CPU.ActiveCfg = Release|Any CPU
		{00598D94-6025-7F15-57C7-C4C9D7D27A55}.Release|Any CPU.Build.0 = Release|Any CPU
	EndGlobalSection
	GlobalSection(SolutionProperties) = preSolution
		HideSolutionNode = FALSE
	EndGlobalSection
	GlobalSection(MonoDevelopProperties) = preSolution
		StartupItem = Assembly-CSharp.csproj
	EndGlobalSection
EndGlobal
