
Microsoft Visual Studio Solution File, Format Version 12.00
# Visual Studio 15
Project("{FAE04EC0-301F-11D3-BF4B-00C04F79EFBC}") = "Assembly-CSharp", "Assembly-CSharp.csproj", "{4C4DAFCE-4F10-3925-8C58-D83F0953B4B9}"
EndProject
Project("{FAE04EC0-301F-11D3-BF4B-00C04F79EFBC}") = "Assembly-CSharp-Editor", "Assembly-CSharp-Editor.csproj", "{BD385E19-A043-5F08-3304-7283BEA15958}"
EndProject
Global
	GlobalSection(SolutionConfigurationPlatforms) = preSolution
		Debug|Any CPU = Debug|Any CPU
		Release|Any CPU = Release|Any CPU
	EndGlobalSection
	GlobalSection(ProjectConfigurationPlatforms) = postSolution
		{4C4DAFCE-4F10-3925-8C58-D83F0953B4B9}.Debug|Any CPU.ActiveCfg = Debug|Any CPU
		{4C4DAFCE-4F10-3925-8C58-D83F0953B4B9}.Debug|Any CPU.Build.0 = Debug|Any CPU
		{4C4DAFCE-4F10-3925-8C58-D83F0953B4B9}.Release|Any CPU.ActiveCfg = Release|Any CPU
		{4C4DAFCE-4F10-3925-8C58-D83F0953B4B9}.Release|Any CPU.Build.0 = Release|Any CPU
		{BD385E19-A043-5F08-3304-7283BEA15958}.Debug|Any CPU.ActiveCfg = Debug|Any CPU
		{BD385E19-A043-5F08-3304-7283BEA15958}.Debug|Any CPU.Build.0 = Debug|Any CPU
		{BD385E19-A043-5F08-3304-7283BEA15958}.Release|Any CPU.ActiveCfg = Release|Any CPU
		{BD385E19-A043-5F08-3304-7283BEA15958}.Release|Any CPU.Build.0 = Release|Any CPU
	EndGlobalSection
	GlobalSection(SolutionProperties) = preSolution
		HideSolutionNode = FALSE
	EndGlobalSection
	GlobalSection(MonoDevelopProperties) = preSolution
		StartupItem = Assembly-CSharp.csproj
	EndGlobalSection
EndGlobal
