
Microsoft Visual Studio Solution File, Format Version 12.00
# Visual Studio 15
Project("{FAE04EC0-301F-11D3-BF4B-00C04F79EFBC}") = "Assembly-CSharp", "Assembly-CSharp.csproj", "{C1BCBAD0-B10B-76E5-4D1C-8A7876C7AE3E}"
EndProject
Global
	GlobalSection(SolutionConfigurationPlatforms) = preSolution
		Debug|Any CPU = Debug|Any CPU
		Release|Any CPU = Release|Any CPU
	EndGlobalSection
	GlobalSection(ProjectConfigurationPlatforms) = postSolution
		{C1BCBAD0-B10B-76E5-4D1C-8A7876C7AE3E}.Debug|Any CPU.ActiveCfg = Debug|Any CPU
		{C1BCBAD0-B10B-76E5-4D1C-8A7876C7AE3E}.Debug|Any CPU.Build.0 = Debug|Any CPU
		{C1BCBAD0-B10B-76E5-4D1C-8A7876C7AE3E}.Release|Any CPU.ActiveCfg = Release|Any CPU
		{C1BCBAD0-B10B-76E5-4D1C-8A7876C7AE3E}.Release|Any CPU.Build.0 = Release|Any CPU
	EndGlobalSection
	GlobalSection(SolutionProperties) = preSolution
		HideSolutionNode = FALSE
	EndGlobalSection
	GlobalSection(MonoDevelopProperties) = preSolution
		StartupItem = Assembly-CSharp.csproj
	EndGlobalSection
EndGlobal
