
Microsoft Visual Studio Solution File, Format Version 12.00
# Visual Studio 15
Project("{FAE04EC0-301F-11D3-BF4B-00C04F79EFBC}") = "Assembly-CSharp", "Assembly-CSharp.csproj", "{BD55DCDA-3B07-A67D-67C6-C5D209A041FB}"
EndProject
Project("{FAE04EC0-301F-11D3-BF4B-00C04F79EFBC}") = "Assembly-CSharp-Editor", "Assembly-CSharp-Editor.csproj", "{256A8FB1-346E-FD6F-E96D-049781894A00}"
EndProject
Global
	GlobalSection(SolutionConfigurationPlatforms) = preSolution
		Debug|Any CPU = Debug|Any CPU
		Release|Any CPU = Release|Any CPU
	EndGlobalSection
	GlobalSection(ProjectConfigurationPlatforms) = postSolution
		{BD55DCDA-3B07-A67D-67C6-C5D209A041FB}.Debug|Any CPU.ActiveCfg = Debug|Any CPU
		{BD55DCDA-3B07-A67D-67C6-C5D209A041FB}.Debug|Any CPU.Build.0 = Debug|Any CPU
		{BD55DCDA-3B07-A67D-67C6-C5D209A041FB}.Release|Any CPU.ActiveCfg = Release|Any CPU
		{BD55DCDA-3B07-A67D-67C6-C5D209A041FB}.Release|Any CPU.Build.0 = Release|Any CPU
		{256A8FB1-346E-FD6F-E96D-049781894A00}.Debug|Any CPU.ActiveCfg = Debug|Any CPU
		{256A8FB1-346E-FD6F-E96D-049781894A00}.Debug|Any CPU.Build.0 = Debug|Any CPU
		{256A8FB1-346E-FD6F-E96D-049781894A00}.Release|Any CPU.ActiveCfg = Release|Any CPU
		{256A8FB1-346E-FD6F-E96D-049781894A00}.Release|Any CPU.Build.0 = Release|Any CPU
	EndGlobalSection
	GlobalSection(SolutionProperties) = preSolution
		HideSolutionNode = FALSE
	EndGlobalSection
	GlobalSection(MonoDevelopProperties) = preSolution
		StartupItem = Assembly-CSharp.csproj
	EndGlobalSection
EndGlobal
