
Microsoft Visual Studio Solution File, Format Version 12.00
# Visual Studio 15
Project("{FAE04EC0-301F-11D3-BF4B-00C04F79EFBC}") = "Assembly-CSharp", "Assembly-CSharp.csproj", "{6DA9FE3C-1018-2EE3-EDB0-E66A0473FF4A}"
EndProject
Project("{FAE04EC0-301F-11D3-BF4B-00C04F79EFBC}") = "Assembly-CSharp-Editor", "Assembly-CSharp-Editor.csproj", "{6B2BFB7D-F139-FF7C-C119-8C0B900DA3C6}"
EndProject
Global
	GlobalSection(SolutionConfigurationPlatforms) = preSolution
		Debug|Any CPU = Debug|Any CPU
		Release|Any CPU = Release|Any CPU
	EndGlobalSection
	GlobalSection(ProjectConfigurationPlatforms) = postSolution
		{6DA9FE3C-1018-2EE3-EDB0-E66A0473FF4A}.Debug|Any CPU.ActiveCfg = Debug|Any CPU
		{6DA9FE3C-1018-2EE3-EDB0-E66A0473FF4A}.Debug|Any CPU.Build.0 = Debug|Any CPU
		{6DA9FE3C-1018-2EE3-EDB0-E66A0473FF4A}.Release|Any CPU.ActiveCfg = Release|Any CPU
		{6DA9FE3C-1018-2EE3-EDB0-E66A0473FF4A}.Release|Any CPU.Build.0 = Release|Any CPU
		{6B2BFB7D-F139-FF7C-C119-8C0B900DA3C6}.Debug|Any CPU.ActiveCfg = Debug|Any CPU
		{6B2BFB7D-F139-FF7C-C119-8C0B900DA3C6}.Debug|Any CPU.Build.0 = Debug|Any CPU
		{6B2BFB7D-F139-FF7C-C119-8C0B900DA3C6}.Release|Any CPU.ActiveCfg = Release|Any CPU
		{6B2BFB7D-F139-FF7C-C119-8C0B900DA3C6}.Release|Any CPU.Build.0 = Release|Any CPU
	EndGlobalSection
	GlobalSection(SolutionProperties) = preSolution
		HideSolutionNode = FALSE
	EndGlobalSection
	GlobalSection(MonoDevelopProperties) = preSolution
		StartupItem = Assembly-CSharp.csproj
	EndGlobalSection
EndGlobal
