
Microsoft Visual Studio Solution File, Format Version 12.00
# Visual Studio 15
Project("{FAE04EC0-301F-11D3-BF4B-00C04F79EFBC}") = "Assembly-CSharp", "Assembly-CSharp.csproj", "{65C4875F-3C4F-9C07-75EA-D9CA7D84E708}"
EndProject
Project("{FAE04EC0-301F-11D3-BF4B-00C04F79EFBC}") = "Assembly-CSharp-Editor", "Assembly-CSharp-Editor.csproj", "{53C1CB30-8ED9-D1FA-8A99-D357DE5449AD}"
EndProject
Global
	GlobalSection(SolutionConfigurationPlatforms) = preSolution
		Debug|Any CPU = Debug|Any CPU
		Release|Any CPU = Release|Any CPU
	EndGlobalSection
	GlobalSection(ProjectConfigurationPlatforms) = postSolution
		{65C4875F-3C4F-9C07-75EA-D9CA7D84E708}.Debug|Any CPU.ActiveCfg = Debug|Any CPU
		{65C4875F-3C4F-9C07-75EA-D9CA7D84E708}.Debug|Any CPU.Build.0 = Debug|Any CPU
		{65C4875F-3C4F-9C07-75EA-D9CA7D84E708}.Release|Any CPU.ActiveCfg = Release|Any CPU
		{65C4875F-3C4F-9C07-75EA-D9CA7D84E708}.Release|Any CPU.Build.0 = Release|Any CPU
		{53C1CB30-8ED9-D1FA-8A99-D357DE5449AD}.Debug|Any CPU.ActiveCfg = Debug|Any CPU
		{53C1CB30-8ED9-D1FA-8A99-D357DE5449AD}.Debug|Any CPU.Build.0 = Debug|Any CPU
		{53C1CB30-8ED9-D1FA-8A99-D357DE5449AD}.Release|Any CPU.ActiveCfg = Release|Any CPU
		{53C1CB30-8ED9-D1FA-8A99-D357DE5449AD}.Release|Any CPU.Build.0 = Release|Any CPU
	EndGlobalSection
	GlobalSection(SolutionProperties) = preSolution
		HideSolutionNode = FALSE
	EndGlobalSection
	GlobalSection(MonoDevelopProperties) = preSolution
		StartupItem = Assembly-CSharp.csproj
	EndGlobalSection
EndGlobal
