
Microsoft Visual Studio Solution File, Format Version 12.00
# Visual Studio 15
Project("{FAE04EC0-301F-11D3-BF4B-00C04F79EFBC}") = "Assembly-CSharp", "Assembly-CSharp.csproj", "{EBC202F4-8FFC-B537-488D-A822E179D64D}"
EndProject
Global
	GlobalSection(SolutionConfigurationPlatforms) = preSolution
		Debug|Any CPU = Debug|Any CPU
		Release|Any CPU = Release|Any CPU
	EndGlobalSection
	GlobalSection(ProjectConfigurationPlatforms) = postSolution
		{EBC202F4-8FFC-B537-488D-A822E179D64D}.Debug|Any CPU.ActiveCfg = Debug|Any CPU
		{EBC202F4-8FFC-B537-488D-A822E179D64D}.Debug|Any CPU.Build.0 = Debug|Any CPU
		{EBC202F4-8FFC-B537-488D-A822E179D64D}.Release|Any CPU.ActiveCfg = Release|Any CPU
		{EBC202F4-8FFC-B537-488D-A822E179D64D}.Release|Any CPU.Build.0 = Release|Any CPU
	EndGlobalSection
	GlobalSection(SolutionProperties) = preSolution
		HideSolutionNode = FALSE
	EndGlobalSection
	GlobalSection(MonoDevelopProperties) = preSolution
		StartupItem = Assembly-CSharp.csproj
	EndGlobalSection
EndGlobal
